
Microsoft Visual Studio Solution File, Format Version 12.00
# Visual Studio 2012
Project("{FAE04EC0-301F-11D3-BF4B-00C04F79EFBC}") = "FundacionSembrandoFuturo", "FundacionSembrandoFuturo\FundacionSembrandoFuturo.csproj", "{52B526AF-C14A-4298-8271-6DB2C108F0D6}"
EndProject
Project("{FAE04EC0-301F-11D3-BF4B-00C04F79EFBC}") = "FundacionSembrandoFuturo.Tests", "FundacionSembrandoFuturo.Tests\FundacionSembrandoFuturo.Tests.csproj", "{9086DF5B-851F-4E19-B0CB-C330EB77D89F}"
EndProject
Global
	GlobalSection(SolutionConfigurationPlatforms) = preSolution
		Debug|Any CPU = Debug|Any CPU
		Release|Any CPU = Release|Any CPU
	EndGlobalSection
	GlobalSection(ProjectConfigurationPlatforms) = postSolution
		{52B526AF-C14A-4298-8271-6DB2C108F0D6}.Debug|Any CPU.ActiveCfg = Debug|Any CPU
		{52B526AF-C14A-4298-8271-6DB2C108F0D6}.Debug|Any CPU.Build.0 = Debug|Any CPU
		{52B526AF-C14A-4298-8271-6DB2C108F0D6}.Release|Any CPU.ActiveCfg = Release|Any CPU
		{52B526AF-C14A-4298-8271-6DB2C108F0D6}.Release|Any CPU.Build.0 = Release|Any CPU
		{9086DF5B-851F-4E19-B0CB-C330EB77D89F}.Debug|Any CPU.ActiveCfg = Debug|Any CPU
		{9086DF5B-851F-4E19-B0CB-C330EB77D89F}.Debug|Any CPU.Build.0 = Debug|Any CPU
		{9086DF5B-851F-4E19-B0CB-C330EB77D89F}.Release|Any CPU.ActiveCfg = Release|Any CPU
		{9086DF5B-851F-4E19-B0CB-C330EB77D89F}.Release|Any CPU.Build.0 = Release|Any CPU
	EndGlobalSection
	GlobalSection(SolutionProperties) = preSolution
		HideSolutionNode = FALSE
	EndGlobalSection
EndGlobal
